
Microsoft Visual Studio Solution File, Format Version 12.00
Project("{FAE04EC0-301F-11D3-BF4B-00C04F79EFBC}") = "Blazor.FullCalendar", "src\Blazor.FullCalendar\Blazor.FullCalendar.csproj", "{441CAD00-2749-453B-B3F8-3A49024BEFE9}"
EndProject
Project("{2150E333-8FDC-42A3-9474-1A3956D46DE8}") = "Samples", "Samples", "{EA8E4D50-26DA-4343-A32B-FC847F00DF54}"
EndProject
Project("{FAE04EC0-301F-11D3-BF4B-00C04F79EFBC}") = "BlazorWebAssembly", "samples\BlazorWebAssembly\BlazorWebAssembly.csproj", "{71CDA0B5-4E12-4D72-B374-6B511A994B37}"
EndProject
Global
	GlobalSection(SolutionConfigurationPlatforms) = preSolution
		Debug|Any CPU = Debug|Any CPU
		Release|Any CPU = Release|Any CPU
	EndGlobalSection
	GlobalSection(ProjectConfigurationPlatforms) = postSolution
		{441CAD00-2749-453B-B3F8-3A49024BEFE9}.Debug|Any CPU.ActiveCfg = Debug|Any CPU
		{441CAD00-2749-453B-B3F8-3A49024BEFE9}.Debug|Any CPU.Build.0 = Debug|Any CPU
		{441CAD00-2749-453B-B3F8-3A49024BEFE9}.Release|Any CPU.ActiveCfg = Release|Any CPU
		{441CAD00-2749-453B-B3F8-3A49024BEFE9}.Release|Any CPU.Build.0 = Release|Any CPU
		{71CDA0B5-4E12-4D72-B374-6B511A994B37}.Debug|Any CPU.ActiveCfg = Debug|Any CPU
		{71CDA0B5-4E12-4D72-B374-6B511A994B37}.Debug|Any CPU.Build.0 = Debug|Any CPU
		{71CDA0B5-4E12-4D72-B374-6B511A994B37}.Release|Any CPU.ActiveCfg = Release|Any CPU
		{71CDA0B5-4E12-4D72-B374-6B511A994B37}.Release|Any CPU.Build.0 = Release|Any CPU
	EndGlobalSection
	GlobalSection(NestedProjects) = preSolution
		{71CDA0B5-4E12-4D72-B374-6B511A994B37} = {EA8E4D50-26DA-4343-A32B-FC847F00DF54}
	EndGlobalSection
EndGlobal
